dependencies:
- name: projectA
  repository: file://subcharts/projectA
  version: 0.1.0
- name: projectB
  repository: file://subcharts/projectB
  version: 0.1.0
- name: projectC
  repository: file://subcharts/projectC
  version: 0.1.0
digest: sha256:e86a43dd8777655748c4f2ef993dbf32e0afa6861a9308b573966d6ebcfe223e
generated: "2022-02-23T05:26:08.4625403Z"
